// !$*UTF8*$!
{
	archiveVersion = 1;
	classes = {
	};
	objectVersion = 46;
	objects = {

/* Begin PBXBuildFile section */
		656F9EE61A82530C00940307 /* AppDelegate.swift in Sources */ = {isa = PBXBuildFile; fileRef = 656F9EE51A82530C00940307 /* AppDelegate.swift */; };
		656F9EE81A82530C00940307 /* ViewController.swift in Sources */ = {isa = PBXBuildFile; fileRef = 656F9EE71A82530C00940307 /* ViewController.swift */; };
		656F9EEB1A82530C00940307 /* Main.storyboard in Resources */ = {isa = PBXBuildFile; fileRef = 656F9EE91A82530C00940307 /* Main.storyboard */; };
		656F9EED1A82530C00940307 /* Images.xcassets in Resources */ = {isa = PBXBuildFile; fileRef = 656F9EEC1A82530C00940307 /* Images.xcassets */; };
		656F9EF01A82530C00940307 /* LaunchScreen.xib in Resources */ = {isa = PBXBuildFile; fileRef = 656F9EEE1A82530C00940307 /* LaunchScreen.xib */; };
		656F9EFC1A82530C00940307 /* musicTests.swift in Sources */ = {isa = PBXBuildFile; fileRef = 656F9EFB1A82530C00940307 /* musicTests.swift */; };
/* End PBXBuildFile section */

/* Begin PBXContainerItemProxy section */
		656F9EF61A82530C00940307 /* PBXContainerItemProxy */ = {
			isa = PBXContainerItemProxy;
			containerPortal = 656F9ED81A82530C00940307 /* Project object */;
			proxyType = 1;
			remoteGlobalIDString = 656F9EDF1A82530C00940307;
			remoteInfo = music;
		};
/* End PBXContainerItemProxy section */

/* Begin PBXFileReference section */
		656F9EE01A82530C00940307 /* music.app */ = {isa = PBXFileReference; explicitFileType = wrapper.application; includeInIndex = 0; path = music.app; sourceTree = BUILT_PRODUCTS_DIR; };
		656F9EE41A82530C00940307 /* Info.plist */ = {isa = PBXFileReference; lastKnownFileType = text.plist.xml; path = Info.plist; sourceTree = "<group>"; };
		656F9EE51A82530C00940307 /* AppDelegate.swift */ = {isa = PBXFileReference; lastKnownFileType = sourcecode.swift; path = AppDelegate.swift; sourceTree = "<group>"; };
		656F9EE71A82530C00940307 /* ViewController.swift */ = {isa = PBXFileReference; lastKnownFileType = sourcecode.swift; path = ViewController.swift; sourceTree = "<group>"; };
		656F9EEA1A82530C00940307 /* Base */ = {isa = PBXFileReference; lastKnownFileType = file.storyboard; name = Base; path = Base.lproj/Main.storyboard; sourceTree = "<group>"; };
		656F9EEC1A82530C00940307 /* Images.xcassets */ = {isa = PBXFileReference; lastKnownFileType = folder.assetcatalog; path = Images.xcassets; sourceTree = "<group>"; };
		656F9EEF1A82530C00940307 /* Base */ = {isa = PBXFileReference; lastKnownFileType = file.xib; name = Base; path = Base.lproj/LaunchScreen.xib; sourceTree = "<group>"; };
		656F9EF51A82530C00940307 /* musicTests.xctest */ = {isa = PBXFileReference; explicitFileType = wrapper.cfbundle; includeInIndex = 0; path = musicTests.xctest; sourceTree = BUILT_PRODUCTS_DIR; };
		656F9EFA1A82530C00940307 /* Info.plist */ = {isa = PBXFileReference; lastKnownFileType = text.plist.xml; path = Info.plist; sourceTree = "<group>"; };
		656F9EFB1A82530C00940307 /* musicTests.swift */ = {isa = PBXFileReference; lastKnownFileType = sourcecode.swift; path = musicTests.swift; sourceTree = "<group>"; };
/* End PBXFileReference section */

/* Begin PBXFrameworksBuildPhase section */
		656F9EDD1A82530C00940307 /* Frameworks */ = {
			isa = PBXFrameworksBuildPhase;
			buildActionMask = 2147483647;
			files = (
			);
			runOnlyForDeploymentPostprocessing = 0;
		};
		656F9EF21A82530C00940307 /* Frameworks */ = {
			isa = PBXFrameworksBuildPhase;
			buildActionMask = 2147483647;
			files = (
			);
			runOnlyForDeploymentPostprocessing = 0;
		};
/* End PBXFrameworksBuildPhase section */

/* Begin PBXGroup section */
		656F9ED71A82530C00940307 = {
			isa = PBXGroup;
			children = (
				656F9EE21A82530C00940307 /* music */,
				656F9EF81A82530C00940307 /* musicTests */,
				656F9EE11A82530C00940307 /* Products */,
			);
			sourceTree = "<group>";
		};
		656F9EE11A82530C00940307 /* Products */ = {
			isa = PBXGroup;
			children = (
				656F9EE01A82530C00940307 /* music.app */,
				656F9EF51A82530C00940307 /* musicTests.xctest */,
			);
			name = Products;
			sourceTree = "<group>";
		};
		656F9EE21A82530C00940307 /* music */ = {
			isa = PBXGroup;
			children = (
				656F9EE51A82530C00940307 /* AppDelegate.swift */,
				656F9EE71A82530C00940307 /* ViewController.swift */,
				656F9EE91A82530C00940307 /* Main.storyboard */,
				656F9EEC1A82530C00940307 /* Images.xcassets */,
				656F9EEE1A82530C00940307 /* LaunchScreen.xib */,
				656F9EE31A82530C00940307 /* Supporting Files */,
			);
			path = music;
			sourceTree = "<group>";
		};
		656F9EE31A82530C00940307 /* Supporting Files */ = {
			isa = PBXGroup;
			children = (
				656F9EE41A82530C00940307 /* Info.plist */,
			);
			name = "Supporting Files";
			sourceTree = "<group>";
		};
		656F9EF81A82530C00940307 /* musicTests */ = {
			isa = PBXGroup;
			children = (
				656F9EFB1A82530C00940307 /* musicTests.swift */,
				656F9EF91A82530C00940307 /* Supporting Files */,
			);
			path = musicTests;
			sourceTree = "<group>";
		};
		656F9EF91A82530C00940307 /* Supporting Files */ = {
			isa = PBXGroup;
			children = (
				656F9EFA1A82530C00940307 /* Info.plist */,
			);
			name = "Supporting Files";
			sourceTree = "<group>";
		};
/* End PBXGroup section */

/* Begin PBXNativeTarget section */
		656F9EDF1A82530C00940307 /* music */ = {
			isa = PBXNativeTarget;
			buildConfigurationList = 656F9EFF1A82530C00940307 /* Build configuration list for PBXNativeTarget "music" */;
			buildPhases = (
				656F9EDC1A82530C00940307 /* Sources */,
				656F9EDD1A82530C00940307 /* Frameworks */,
				656F9EDE1A82530C00940307 /* Resources */,
			);
			buildRules = (
			);
			dependencies = (
			);
			name = music;
			productName = music;
			productReference = 656F9EE01A82530C00940307 /* music.app */;
			productType = "com.apple.product-type.application";
		};
		656F9EF41A82530C00940307 /* musicTests */ = {
			isa = PBXNativeTarget;
			buildConfigurationList = 656F9F021A82530C00940307 /* Build configuration list for PBXNativeTarget "musicTests" */;
			buildPhases = (
				656F9EF11A82530C00940307 /* Sources */,
				656F9EF21A82530C00940307 /* Frameworks */,
				656F9EF31A82530C00940307 /* Resources */,
			);
			buildRules = (
			);
			dependencies = (
				656F9EF71A82530C00940307 /* PBXTargetDependency */,
			);
			name = musicTests;
			productName = musicTests;
			productReference = 656F9EF51A82530C00940307 /* musicTests.xctest */;
			productType = "com.apple.product-type.bundle.unit-test";
		};
/* End PBXNativeTarget section */

/* Begin PBXProject section */
		656F9ED81A82530C00940307 /* Project object */ = {
			isa = PBXProject;
			attributes = {
				LastUpgradeCheck = 0610;
				ORGANIZATIONNAME = "丁松";
				TargetAttributes = {
					656F9EDF1A82530C00940307 = {
						CreatedOnToolsVersion = 6.1.1;
					};
					656F9EF41A82530C00940307 = {
						CreatedOnToolsVersion = 6.1.1;
						TestTargetID = 656F9EDF1A82530C00940307;
					};
				};
			};
			buildConfigurationList = 656F9EDB1A82530C00940307 /* Build configuration list for PBXProject "music" */;
			compatibilityVersion = "Xcode 3.2";
			developmentRegion = English;
			hasScannedForEncodings = 0;
			knownRegions = (
				en,
				Base,
			);
			mainGroup = 656F9ED71A82530C00940307;
			productRefGroup = 656F9EE11A82530C00940307 /* Products */;
			projectDirPath = "";
			projectRoot = "";
			targets = (
				656F9EDF1A82530C00940307 /* music */,
				656F9EF41A82530C00940307 /* musicTests */,
			);
		};
/* End PBXProject section */

/* Begin PBXResourcesBuildPhase section */
		656F9EDE1A82530C00940307 /* Resources */ = {
			isa = PBXResourcesBuildPhase;
			buildActionMask = 2147483647;
			files = (
				656F9EEB1A82530C00940307 /* Main.storyboard in Resources */,
				656F9EF01A82530C00940307 /* LaunchScreen.xib in Resources */,
				656F9EED1A82530C00940307 /* Images.xcassets in Resources */,
			);
			runOnlyForDeploymentPostprocessing = 0;
		};
		656F9EF31A82530C00940307 /* Resources */ = {
			isa = PBXResourcesBuildPhase;
			buildActionMask = 2147483647;
			files = (
			);
			runOnlyForDeploymentPostprocessing = 0;
		};
/* End PBXResourcesBuildPhase section */

/* Begin PBXSourcesBuildPhase section */
		656F9EDC1A82530C00940307 /* Sources */ = {
			isa = PBXSourcesBuildPhase;
			buildActionMask = 2147483647;
			files = (
				656F9EE81A82530C00940307 /* ViewController.swift in Sources */,
				656F9EE61A82530C00940307 /* AppDelegate.swift in Sources */,
			);
			runOnlyForDeploymentPostprocessing = 0;
		};
		656F9EF11A82530C00940307 /* Sources */ = {
			isa = PBXSourcesBuildPhase;
			buildActionMask = 2147483647;
			files = (
				656F9EFC1A82530C00940307 /* musicTests.swift in Sources */,
			);
			runOnlyForDeploymentPostprocessing = 0;
		};
/* End PBXSourcesBuildPhase section */

/* Begin PBXTargetDependency section */
		656F9EF71A82530C00940307 /* PBXTargetDependency */ = {
			isa = PBXTargetDependency;
			target = 656F9EDF1A82530C00940307 /* music */;
			targetProxy = 656F9EF61A82530C00940307 /* PBXContainerItemProxy */;
		};
/* End PBXTargetDependency section */

/* Begin PBXVariantGroup section */
		656F9EE91A82530C00940307 /* Main.storyboard */ = {
			isa = PBXVariantGroup;
			children = (
				656F9EEA1A82530C00940307 /* Base */,
			);
			name = Main.storyboard;
			sourceTree = "<group>";
		};
		656F9EEE1A82530C00940307 /* LaunchScreen.xib */ = {
			isa = PBXVariantGroup;
			children = (
				656F9EEF1A82530C00940307 /* Base */,
			);
			name = LaunchScreen.xib;
			sourceTree = "<group>";
		};
/* End PBXVariantGroup section */

/* Begin XCBuildConfiguration section */
		656F9EFD1A82530C00940307 /* Debug */ = {
			isa = XCBuildConfiguration;
			buildSettings = {
				ALWAYS_SEARCH_USER_PATHS = NO;
				CLANG_CXX_LANGUAGE_STANDARD = "gnu++0x";
				CLANG_CXX_LIBRARY = "libc++";
				CLANG_ENABLE_MODULES = YES;
				CLANG_ENABLE_OBJC_ARC = YES;
				CLANG_WARN_BOOL_CONVERSION = YES;
				CLANG_WARN_CONSTANT_CONVERSION = YES;
				CLANG_WARN_DIRECT_OBJC_ISA_USAGE = YES_ERROR;
				CLANG_WARN_EMPTY_BODY = YES;
				CLANG_WARN_ENUM_CONVERSION = YES;
				CLANG_WARN_INT_CONVERSION = YES;
				CLANG_WARN_OBJC_ROOT_CLASS = YES_ERROR;
				CLANG_WARN_UNREACHABLE_CODE = YES;
				CLANG_WARN__DUPLICATE_METHOD_MATCH = YES;
				"CODE_SIGN_IDENTITY[sdk=iphoneos*]" = "iPhone Developer";
				COPY_PHASE_STRIP = NO;
				ENABLE_STRICT_OBJC_MSGSEND = YES;
				GCC_C_LANGUAGE_STANDARD = gnu99;
				GCC_DYNAMIC_NO_PIC = NO;
				GCC_OPTIMIZATION_LEVEL = 0;
				GCC_PREPROCESSOR_DEFINITIONS = (
					"DEBUG=1",
					"$(inherited)",
				);
				GCC_SYMBOLS_PRIVATE_EXTERN = NO;
				GCC_WARN_64_TO_32_BIT_CONVERSION = YES;
				GCC_WARN_ABOUT_RETURN_TYPE = YES_ERROR;
				GCC_WARN_UNDECLARED_SELECTOR = YES;
				GCC_WARN_UNINITIALIZED_AUTOS = YES_AGGRESSIVE;
				GCC_WARN_UNUSED_FUNCTION = YES;
				GCC_WARN_UNUSED_VARIABLE = YES;
				IPHONEOS_DEPLOYMENT_TARGET = 8.1;
				MTL_ENABLE_DEBUG_INFO = YES;
				ONLY_ACTIVE_ARCH = YES;
				SDKROOT = iphoneos;
				SWIFT_OPTIMIZATION_LEVEL = "-Onone";
				TARGETED_DEVICE_FAMILY = "1,2";
			};
			name = Debug;
		};
		656F9EFE1A82530C00940307 /* Release */ = {
			isa = XCBuildConfiguration;
			buildSettings = {
				ALWAYS_SEARCH_USER_PATHS = NO;
				CLANG_CXX_LANGUAGE_STANDARD = "gnu++0x";
				CLANG_CXX_LIBRARY = "libc++";
				CLANG_ENABLE_MODULES = YES;
				CLANG_ENABLE_OBJC_ARC = YES;
				CLANG_WARN_BOOL_CONVERSION = YES;
				CLANG_WARN_CONSTANT_CONVERSION = YES;
				CLANG_WARN_DIRECT_OBJC_ISA_USAGE = YES_ERROR;
				CLANG_WARN_EMPTY_BODY = YES;
				CLANG_WARN_ENUM_CONVERSION = YES;
				CLANG_WARN_INT_CONVERSION = YES;
				CLANG_WARN_OBJC_ROOT_CLASS = YES_ERROR;
				CLANG_WARN_UNREACHABLE_CODE = YES;
				CLANG_WARN__DUPLICATE_METHOD_MATCH = YES;
				"CODE_SIGN_IDENTITY[sdk=iphoneos*]" = "iPhone Developer";
				COPY_PHASE_STRIP = YES;
				ENABLE_NS_ASSERTIONS = NO;
				ENABLE_STRICT_OBJC_MSGSEND = YES;
				GCC_C_LANGUAGE_STANDARD = gnu99;
				GCC_WARN_64_TO_32_BIT_CONVERSION = YES;
				GCC_WARN_ABOUT_RETURN_TYPE = YES_ERROR;
				GCC_WARN_UNDECLARED_SELECTOR = YES;
				GCC_WARN_UNINITIALIZED_AUTOS = YES_AGGRESSIVE;
				GCC_WARN_UNUSED_FUNCTION = YES;
				GCC_WARN_UNUSED_VARIABLE = YES;
				IPHONEOS_DEPLOYMENT_TARGET = 8.1;
				MTL_ENABLE_DEBUG_INFO = NO;
				SDKROOT = iphoneos;
				TARGETED_DEVICE_FAMILY = "1,2";
				VALIDATE_PRODUCT = YES;
			};
			name = Release;
		};
		656F9F001A82530C00940307 /* Debug */ = {
			isa = XCBuildConfiguration;
			buildSettings = {
				ASSETCATALOG_COMPILER_APPICON_NAME = AppIcon;
				INFOPLIST_FILE = music/Info.plist;
				LD_RUNPATH_SEARCH_PATHS = "$(inherited) @executable_path/Frameworks";
				PRODUCT_NAME = "$(TARGET_NAME)";
			};
			name = Debug;
		};
		656F9F011A82530C00940307 /* Release */ = {
			isa = XCBuildConfiguration;
			buildSettings = {
				ASSETCATALOG_COMPILER_APPICON_NAME = AppIcon;
				INFOPLIST_FILE = music/Info.plist;
				LD_RUNPATH_SEARCH_PATHS = "$(inherited) @executable_path/Frameworks";
				PRODUCT_NAME = "$(TARGET_NAME)";
			};
			name = Release;
		};
		656F9F031A82530C00940307 /* Debug */ = {
			isa = XCBuildConfiguration;
			buildSettings = {
				BUNDLE_LOADER = "$(TEST_HOST)";
				FRAMEWORK_SEARCH_PATHS = (
					"$(SDKROOT)/Developer/Library/Frameworks",
					"$(inherited)",
				);
				GCC_PREPROCESSOR_DEFINITIONS = (
					"DEBUG=1",
					"$(inherited)",
				);
				INFOPLIST_FILE = musicTests/Info.plist;
				LD_RUNPATH_SEARCH_PATHS = "$(inherited) @executable_path/Frameworks @loader_path/Frameworks";
				PRODUCT_NAME = "$(TARGET_NAME)";
				TEST_HOST = "$(BUILT_PRODUCTS_DIR)/music.app/music";
			};
			name = Debug;
		};
		656F9F041A82530C00940307 /* Release */ = {
			isa = XCBuildConfiguration;
			buildSettings = {
				BUNDLE_LOADER = "$(TEST_HOST)";
				FRAMEWORK_SEARCH_PATHS = (
					"$(SDKROOT)/Developer/Library/Frameworks",
					"$(inherited)",
				);
				INFOPLIST_FILE = musicTests/Info.plist;
				LD_RUNPATH_SEARCH_PATHS = "$(inherited) @executable_path/Frameworks @loader_path/Frameworks";
				PRODUCT_NAME = "$(TARGET_NAME)";
				TEST_HOST = "$(BUILT_PRODUCTS_DIR)/music.app/music";
			};
			name = Release;
		};
/* End XCBuildConfiguration section */

/* Begin XCConfigurationList section */
		656F9EDB1A82530C00940307 /* Build configuration list for PBXProject "music" */ = {
			isa = XCConfigurationList;
			buildConfigurations = (
				656F9EFD1A82530C00940307 /* Debug */,
				656F9EFE1A82530C00940307 /* Release */,
			);
			defaultConfigurationIsVisible = 0;
			defaultConfigurationName = Release;
		};
		656F9EFF1A82530C00940307 /* Build configuration list for PBXNativeTarget "music" */ = {
			isa = XCConfigurationList;
			buildConfigurations = (
				656F9F001A82530C00940307 /* Debug */,
				656F9F011A82530C00940307 /* Release */,
			);
			defaultConfigurationIsVisible = 0;
		};
		656F9F021A82530C00940307 /* Build configuration list for PBXNativeTarget "musicTests" */ = {
			isa = XCConfigurationList;
			buildConfigurations = (
				656F9F031A82530C00940307 /* Debug */,
				656F9F041A82530C00940307 /* Release */,
			);
			defaultConfigurationIsVisible = 0;
		};
/* End XCConfigurationList section */
	};
	rootObject = 656F9ED81A82530C00940307 /* Project object */;
}
